{
  "version": 4,
  "terraform_version": "1.11.2",
  "serial": 74,
  "lineage": "e63d3108-152e-9ebb-c079-6f9baec5a2b8",
  "outputs": {
    "codedeploy_app_name": {
      "value": "istory-app",
      "type": "string"
    },
    "codedeploy_deployment_group_name": {
      "value": "istory-deploy-group",
      "type": "string"
    },
    "dev_istory_nginx_instance_public_ip": {
      "value": "3.36.94.219",
      "type": "string"
    },
    "istory-deploy-bucket_name": {
      "value": "istory-deploy-bucket-314146313665",
      "type": "string"
    },
    "prod_alb_dns": {
      "value": "istory-alb-261570035.ap-northeast-2.elb.amazonaws.com",
      "type": "string"
    },
    "prod_deploy_bucket_name": {
      "value": "istory-prod-deploy-bucket-314146313665",
      "type": "string"
    },
    "prod_deployment_group_name": {
      "value": "istory-prod-deploy-group",
      "type": "string"
    },
    "rds_database_name": {
      "value": "istory",
      "type": "string"
    },
    "rds_endpoint": {
      "value": "istory-db.c700kuqmksj1.ap-northeast-2.rds.amazonaws.com:3306",
      "type": "string"
    },
    "rds_username": {
      "value": "user",
      "type": "string"
    },
    "ssh_private_key_pem": {
      "value": "-----BEGIN RSA PRIVATE KEY-----\nMIIEpQIBAAKCAQEA5pwHA88yg0tcveFVqHg1qtG1hg4QXwEICfgnzAeKsMCGWMjz\niz8f9eRUYBcR6lVd7ILwuYKkJNGu1ha5fmvOOU8nYmJ/zKxOARivjjo8/vPZlhDb\nGeyinK0Ye2be0DmwoRhKa1NUpCA+G+iHFICe62evkDKT1lAKzB3/r0gQjn0HREVi\nx/mVUWbgc0JxtDT43CwnW2vH3EMAB2L2qzs5zk5CMdp5b6eT53C2GmtlqF+svmPN\n7CVGMaDmRVp4BvX/S5UD9T1a6UqEq7MFG7tRmv64MoJMKHY0C8Sfav8dxRRsPUGx\nTM4VoAD6Nshj4AFjqtKAVU3mO275KS0GHRBFoQIDAQABAoIBAQDG0ii+IQpk5jms\nP7VxTUq/3pQJYuC8eBAtQDVXk/0ADM0HiSFooWD1yAjy25EHntgejHntBvRsBhgd\n3nPIyjt/b33+NfwHQ1rxWQ4qqo1iJm0nE5tDS6CbQiWEZxmdHs/o5B9tTuf/pQjH\nWP/1LjtVrAxSXzjUoifc+dQylAgqP4BTZEFuJzPcJvP9GPoGmP0X2TUJOBlT5ALs\nUZ32HyL9WN9Ajbq2MpAjGG3OOpLmJ1MI56HwVfYSEY1LeqrAfzRV0l4RTdVDBLzK\noY654Naytx7lpIg2JCwIqQddG27/1Jhf2WKhu22wJmsdQHko2oVWkvv5L5VUkCV6\nuTtkWOVBAoGBAO5Je7qCcmgnLv0YbG0sp5/sVhT7/LQ/AlVgKMy5Cp6Z8XVf3zCf\n6oNLS36Ut9LTjunhzyQnwBxzoSwwMkz93X2Wt4m6MXkaSvb4rOEPi+pmR01mBQH7\nmG2zt1+Nof+cKbA1YtGDTlPDqq1e4Ng3c1zkglNYc76PeD6/irg/UYo5AoGBAPfA\ncV4jTM1qUxJlrsfu0QiO0FF5k1szLErxzPVU80ltWcZ+UAfT15YWPdUypsKT0QqO\nD2IfcfqJTb6U3o+O43KxCJMFECy08SfcQIgB1sU1AdvflHljENOHdggYZUSjXcl4\nrrJbXskEQcUtNgLtsNEs+BUL6hGwHcYaPkdVtDapAoGAMiz3CMb/ID9f/Ztu+W41\nvc8eMTz+cVXzP9cHwFQWkF8KIRUXAj4qO4tXUkgujQ5PQaBy5cIZCeSvQ4bCkMPE\nJ/Xcn/u8/ysyLd8fSCTl6W2wBfQ9ibVY24DEVDKWsiRIAvq63DMyAyFohyk7X0wN\n1rmnV7WAadf8EfpzU2jB2sECgYEArnhPXcPuKhpeNe51j0aW3jf0a+v54Ze/8Wcm\ntv4D9gmT1zzMjzaX85HmKWVqGkyOQaiZHLiYQ569qSCdOuudMP+K0j4WjeU+jpuE\ntkLVRDt3+6cPoAwrpUsXy8uiRRvmyCK8o83Eijr9NiYIizdn9WZ9rhSd2ab00LVa\ndlHcf0ECgYEAwdJ2wyWDpJacNZ2kzVNoyAmK3b9SGFWYv7+jHYlKd7e3rmlq+0uS\ns0FsmG5eyxbqwoJhN2P4t9GCKdRLdqhk6KNZq4NAzHkgcqBLWRDrP/Em3JZ4CKHK\nzeUofmJ42qkC65NETcLY2PN151hw1y48YAccqAGqeJ+V8KKSES/gJy4=\n-----END RSA PRIVATE KEY-----\n",
      "type": "string",
      "sensitive": true
    }
  },
  "resources": [
    {
      "mode": "data",
      "type": "aws_caller_identity",
      "name": "current",
      "provider": "provider[\"registry.terraform.io/hashicorp/aws\"]",
      "instances": [
        {
          "schema_version": 0,
          "attributes": {
            "account_id": "314146313665",
            "arn": "arn:aws:iam::314146313665:user/cicd",
            "id": "314146313665",
            "user_id": "AIDAUSJEUKXAQIBPL6MQE"
          },
          "sensitive_attributes": []
        }
      ]
    },
    {
      "mode": "managed",
      "type": "aws_autoscaling_group",
      "name": "istory_asg",
      "provider": "provider[\"registry.terraform.io/hashicorp/aws\"]",
      "instances": [
        {
          "schema_version": 1,
          "attributes": {
            "arn": "arn:aws:autoscaling:ap-northeast-2:314146313665:autoScalingGroup:cfbf433a-cb0d-4b63-97ba-7c69816fa753:autoScalingGroupName/istory-asg",
            "availability_zone_distribution": [
              {
                "capacity_distribution_strategy": "balanced-best-effort"
              }
            ],
            "availability_zones": [
              "ap-northeast-2a",
              "ap-northeast-2b",
              "ap-northeast-2c",
              "ap-northeast-2d"
            ],
            "capacity_rebalance": false,
            "context": "",
            "default_cooldown": 300,
            "default_instance_warmup": 0,
            "desired_capacity": 2,
            "desired_capacity_type": "",
            "enabled_metrics": [],
            "force_delete": false,
            "force_delete_warm_pool": false,
            "health_check_grace_period": 300,
            "health_check_type": "EC2",
            "id": "istory-asg",
            "ignore_failed_scaling_activities": false,
            "initial_lifecycle_hook": [],
            "instance_maintenance_policy": [],
            "instance_refresh": [],
            "launch_configuration": "",
            "launch_template": [
              {
                "id": "lt-04d879bb77f5a0678",
                "name": "istory-lt20250322073845895400000003",
                "version": "$Latest"
              }
            ],
            "load_balancers": [],
            "max_instance_lifetime": 0,
            "max_size": 4,
            "metrics_granularity": "1Minute",
            "min_elb_capacity": null,
            "min_size": 2,
            "mixed_instances_policy": [],
            "name": "istory-asg",
            "name_prefix": "",
            "placement_group": "",
            "predicted_capacity": 0,
            "protect_from_scale_in": false,
            "service_linked_role_arn": "arn:aws:iam::314146313665:role/aws-service-role/autoscaling.amazonaws.com/AWSServiceRoleForAutoScaling",
            "suspended_processes": [],
            "tag": [
              {
                "key": "Environment",
                "propagate_at_launch": true,
                "value": "Production"
              }
            ],
            "target_group_arns": [
              "arn:aws:elasticloadbalancing:ap-northeast-2:314146313665:targetgroup/istory-tg/7eae4b989b19fc9c"
            ],
            "termination_policies": [],
            "timeouts": null,
            "traffic_source": [
              {
                "identifier": "arn:aws:elasticloadbalancing:ap-northeast-2:314146313665:targetgroup/istory-tg/7eae4b989b19fc9c",
                "type": "elbv2"
              }
            ],
            "vpc_zone_identifier": [
              "subnet-03202571907007dbe",
              "subnet-08ea40b4c57efb40c",
              "subnet-094f5705b3252eb69",
              "subnet-0ea58748ce50cf88f"
            ],
            "wait_for_capacity_timeout": "10m",
            "wait_for_elb_capacity": null,
            "warm_pool": [],
            "warm_pool_size": 0
          },
          "sensitive_attributes": [],
          "private": "eyJlMmJmYjczMC1lY2FhLTExZTYtOGY4OC0zNDM2M2JjN2M0YzAiOnsiZGVsZXRlIjo2MDAwMDAwMDAwMDAsInVwZGF0ZSI6NjAwMDAwMDAwMDAwfSwic2NoZW1hX3ZlcnNpb24iOiIxIn0=",
          "dependencies": [
            "aws_iam_instance_profile.ec2_profile",
            "aws_iam_role.ec2_codedeploy_role",
            "aws_launch_template.istory_lt",
            "aws_lb_target_group.istory_tg",
            "aws_security_group.istory_alb_sg",
            "aws_security_group.istory_prod_ec2_sg",
            "aws_subnet.dangtong-vpc-public-subnet",
            "aws_vpc.dangtong-vpc"
          ]
        }
      ]
    },
    {
      "mode": "managed",
      "type": "aws_codedeploy_app",
      "name": "istory-app",
      "provider": "provider[\"registry.terraform.io/hashicorp/aws\"]",
      "instances": [
        {
          "schema_version": 0,
          "attributes": {
            "application_id": "49742161-2f20-4a82-8d26-ae6b8c64eb8f",
            "arn": "arn:aws:codedeploy:ap-northeast-2:314146313665:application:istory-app",
            "compute_platform": "Server",
            "github_account_name": "",
            "id": "49742161-2f20-4a82-8d26-ae6b8c64eb8f:istory-app",
            "linked_to_github": false,
            "name": "istory-app",
            "tags": {},
            "tags_all": {}
          },
          "sensitive_attributes": [],
          "private": "bnVsbA=="
        }
      ]
    },
    {
      "mode": "managed",
      "type": "aws_codedeploy_deployment_group",
      "name": "istory-deploy_group",
      "provider": "provider[\"registry.terraform.io/hashicorp/aws\"]",
      "instances": [
        {
          "schema_version": 0,
          "attributes": {
            "alarm_configuration": [],
            "app_name": "istory-app",
            "arn": "arn:aws:codedeploy:ap-northeast-2:314146313665:deploymentgroup:istory-app/istory-deploy-group",
            "auto_rollback_configuration": [
              {
                "enabled": true,
                "events": [
                  "DEPLOYMENT_FAILURE"
                ]
              }
            ],
            "autoscaling_groups": [],
            "blue_green_deployment_config": [],
            "compute_platform": "Server",
            "deployment_config_name": "CodeDeployDefault.OneAtATime",
            "deployment_group_id": "94f0ef75-704b-468c-aeeb-0ee49d32c89c",
            "deployment_group_name": "istory-deploy-group",
            "deployment_style": [
              {
                "deployment_option": "WITHOUT_TRAFFIC_CONTROL",
                "deployment_type": "IN_PLACE"
              }
            ],
            "ec2_tag_filter": [],
            "ec2_tag_set": [
              {
                "ec2_tag_filter": [
                  {
                    "key": "Environment",
                    "type": "KEY_AND_VALUE",
                    "value": "Development"
                  }
                ]
              }
            ],
            "ecs_service": [],
            "id": "94f0ef75-704b-468c-aeeb-0ee49d32c89c",
            "load_balancer_info": [],
            "on_premises_instance_tag_filter": [],
            "outdated_instances_strategy": "UPDATE",
            "service_role_arn": "arn:aws:iam::314146313665:role/CodeDeployServiceRole",
            "tags": {},
            "tags_all": {},
            "termination_hook_enabled": false,
            "trigger_configuration": []
          },
          "sensitive_attributes": [],
          "private": "bnVsbA==",
          "dependencies": [
            "aws_codedeploy_app.istory-app",
            "aws_iam_role.codedeploy_service_role"
          ]
        }
      ]
    },
    {
      "mode": "managed",
      "type": "aws_codedeploy_deployment_group",
      "name": "istory_prod_deploy_group",
      "provider": "provider[\"registry.terraform.io/hashicorp/aws\"]",
      "instances": [
        {
          "schema_version": 0,
          "attributes": {
            "alarm_configuration": [
              {
                "alarms": [
                  "istory-prod-deployment-alarm"
                ],
                "enabled": true,
                "ignore_poll_alarm_failure": false
              }
            ],
            "app_name": "istory-app",
            "arn": "arn:aws:codedeploy:ap-northeast-2:314146313665:deploymentgroup:istory-app/istory-prod-deploy-group",
            "auto_rollback_configuration": [
              {
                "enabled": true,
                "events": [
                  "DEPLOYMENT_FAILURE"
                ]
              }
            ],
            "autoscaling_groups": [],
            "blue_green_deployment_config": [],
            "compute_platform": "Server",
            "deployment_config_name": "CodeDeployDefault.OneAtATime",
            "deployment_group_id": "2828c104-5e34-4a12-a574-55e70fc7637b",
            "deployment_group_name": "istory-prod-deploy-group",
            "deployment_style": [
              {
                "deployment_option": "WITH_TRAFFIC_CONTROL",
                "deployment_type": "IN_PLACE"
              }
            ],
            "ec2_tag_filter": [],
            "ec2_tag_set": [
              {
                "ec2_tag_filter": [
                  {
                    "key": "Environment",
                    "type": "KEY_AND_VALUE",
                    "value": "Production"
                  }
                ]
              }
            ],
            "ecs_service": [],
            "id": "2828c104-5e34-4a12-a574-55e70fc7637b",
            "load_balancer_info": [
              {
                "elb_info": [],
                "target_group_info": [
                  {
                    "name": "istory-tg"
                  }
                ],
                "target_group_pair_info": []
              }
            ],
            "on_premises_instance_tag_filter": [],
            "outdated_instances_strategy": "UPDATE",
            "service_role_arn": "arn:aws:iam::314146313665:role/CodeDeployServiceRole",
            "tags": {},
            "tags_all": {},
            "termination_hook_enabled": false,
            "trigger_configuration": [
              {
                "trigger_events": [
                  "DeploymentFailure",
                  "DeploymentSuccess"
                ],
                "trigger_name": "prod-deployment-trigger",
                "trigger_target_arn": "arn:aws:sns:ap-northeast-2:314146313665:istory-deployment-notifications"
              }
            ]
          },
          "sensitive_attributes": [],
          "private": "bnVsbA==",
          "dependencies": [
            "aws_codedeploy_app.istory-app",
            "aws_iam_role.codedeploy_service_role",
            "aws_lb_target_group.istory_tg",
            "aws_sns_topic.deployment_notifications",
            "aws_vpc.dangtong-vpc"
          ]
        }
      ]
    },
    {
      "mode": "managed",
      "type": "aws_db_instance",
      "name": "istory_db",
      "provider": "provider[\"registry.terraform.io/hashicorp/aws\"]",
      "instances": [
        {
          "schema_version": 2,
          "attributes": {
            "address": "istory-db.c700kuqmksj1.ap-northeast-2.rds.amazonaws.com",
            "allocated_storage": 20,
            "allow_major_version_upgrade": null,
            "apply_immediately": false,
            "arn": "arn:aws:rds:ap-northeast-2:314146313665:db:istory-db",
            "auto_minor_version_upgrade": true,
            "availability_zone": "ap-northeast-2c",
            "backup_retention_period": 7,
            "backup_target": "region",
            "backup_window": "03:00-04:00",
            "blue_green_update": [],
            "ca_cert_identifier": "rds-ca-rsa2048-g1",
            "character_set_name": "",
            "copy_tags_to_snapshot": false,
            "custom_iam_instance_profile": "",
            "customer_owned_ip_enabled": false,
            "database_insights_mode": "standard",
            "db_name": "istory",
            "db_subnet_group_name": "istory-db-subnet-group",
            "dedicated_log_volume": false,
            "delete_automated_backups": true,
            "deletion_protection": false,
            "domain": "",
            "domain_auth_secret_arn": "",
            "domain_dns_ips": [],
            "domain_fqdn": "",
            "domain_iam_role_name": "",
            "domain_ou": "",
            "enabled_cloudwatch_logs_exports": [],
            "endpoint": "istory-db.c700kuqmksj1.ap-northeast-2.rds.amazonaws.com:3306",
            "engine": "mysql",
            "engine_lifecycle_support": "open-source-rds-extended-support",
            "engine_version": "8.0",
            "engine_version_actual": "8.0.40",
            "final_snapshot_identifier": null,
            "hosted_zone_id": "ZLA2NUCOLGUUR",
            "iam_database_authentication_enabled": false,
            "id": "db-AVGVNKMFMZRRITHMNITZK5WG3I",
            "identifier": "istory-db",
            "identifier_prefix": "",
            "instance_class": "db.t3.micro",
            "iops": 0,
            "kms_key_id": "",
            "latest_restorable_time": "2025-03-22T07:50:00Z",
            "license_model": "general-public-license",
            "listener_endpoint": [],
            "maintenance_window": "mon:04:00-mon:05:00",
            "manage_master_user_password": null,
            "master_user_secret": [],
            "master_user_secret_kms_key_id": null,
            "max_allocated_storage": 0,
            "monitoring_interval": 0,
            "monitoring_role_arn": "",
            "multi_az": false,
            "nchar_character_set_name": "",
            "network_type": "IPV4",
            "option_group_name": "default:mysql-8-0",
            "parameter_group_name": "istory-db-parameter-group",
            "password": "user12345",
            "password_wo": null,
            "password_wo_version": null,
            "performance_insights_enabled": false,
            "performance_insights_kms_key_id": "",
            "performance_insights_retention_period": 0,
            "port": 3306,
            "publicly_accessible": false,
            "replica_mode": "",
            "replicas": [],
            "replicate_source_db": "",
            "resource_id": "db-AVGVNKMFMZRRITHMNITZK5WG3I",
            "restore_to_point_in_time": [],
            "s3_import": [],
            "skip_final_snapshot": true,
            "snapshot_identifier": null,
            "status": "available",
            "storage_encrypted": false,
            "storage_throughput": 0,
            "storage_type": "gp2",
            "tags": {
              "Environment": "Development",
              "Name": "istory"
            },
            "tags_all": {
              "Environment": "Development",
              "Name": "istory"
            },
            "timeouts": null,
            "timezone": "",
            "upgrade_storage_config": null,
            "username": "user",
            "vpc_security_group_ids": [
              "sg-04dc12a8cae989732"
            ]
          },
          "sensitive_attributes": [
            [
              {
                "type": "get_attr",
                "value": "password"
              }
            ],
            [
              {
                "type": "get_attr",
                "value": "password_wo"
              }
            ]
          ],
          "private": "eyJlMmJmYjczMC1lY2FhLTExZTYtOGY4OC0zNDM2M2JjN2M0YzAiOnsiY3JlYXRlIjozMDAwMDAwMDAwMDAwLCJkZWxldGUiOjM2MDAwMDAwMDAwMDAsInVwZGF0ZSI6NDgwMDAwMDAwMDAwMH0sInNjaGVtYV92ZXJzaW9uIjoiMiJ9",
          "dependencies": [
            "aws_db_parameter_group.istory_db_parameter_group",
            "aws_db_subnet_group.istory_db_subnet_group",
            "aws_security_group.istory_alb_sg",
            "aws_security_group.istory_nginx_sg",
            "aws_security_group.istory_prod_ec2_sg",
            "aws_security_group.istory_rds_sg",
            "aws_subnet.dangtong-vpc-public-subnet",
            "aws_vpc.dangtong-vpc"
          ]
        }
      ]
    },
    {
      "mode": "managed",
      "type": "aws_db_parameter_group",
      "name": "istory_db_parameter_group",
      "provider": "provider[\"registry.terraform.io/hashicorp/aws\"]",
      "instances": [
        {
          "schema_version": 0,
          "attributes": {
            "arn": "arn:aws:rds:ap-northeast-2:314146313665:pg:istory-db-parameter-group",
            "description": "Managed by Terraform",
            "family": "mysql8.0",
            "id": "istory-db-parameter-group",
            "name": "istory-db-parameter-group",
            "name_prefix": "",
            "parameter": [
              {
                "apply_method": "immediate",
                "name": "character_set_client",
                "value": "utf8mb4"
              },
              {
                "apply_method": "immediate",
                "name": "character_set_server",
                "value": "utf8mb4"
              }
            ],
            "skip_destroy": false,
            "tags": {},
            "tags_all": {}
          },
          "sensitive_attributes": [],
          "private": "bnVsbA=="
        }
      ]
    },
    {
      "mode": "managed",
      "type": "aws_db_subnet_group",
      "name": "istory_db_subnet_group",
      "provider": "provider[\"registry.terraform.io/hashicorp/aws\"]",
      "instances": [
        {
          "schema_version": 0,
          "attributes": {
            "arn": "arn:aws:rds:ap-northeast-2:314146313665:subgrp:istory-db-subnet-group",
            "description": "Managed by Terraform",
            "id": "istory-db-subnet-group",
            "name": "istory-db-subnet-group",
            "name_prefix": "",
            "subnet_ids": [
              "subnet-03202571907007dbe",
              "subnet-08ea40b4c57efb40c",
              "subnet-094f5705b3252eb69",
              "subnet-0ea58748ce50cf88f"
            ],
            "supported_network_types": [
              "IPV4"
            ],
            "tags": {
              "Name": "istory DB subnet group"
            },
            "tags_all": {
              "Name": "istory DB subnet group"
            },
            "vpc_id": "vpc-0899e5c24cc5257dc"
          },
          "sensitive_attributes": [],
          "private": "bnVsbA==",
          "dependencies": [
            "aws_subnet.dangtong-vpc-public-subnet",
            "aws_vpc.dangtong-vpc"
          ]
        }
      ]
    },
    {
      "mode": "managed",
      "type": "aws_iam_instance_profile",
      "name": "ec2_profile",
      "provider": "provider[\"registry.terraform.io/hashicorp/aws\"]",
      "instances": [
        {
          "schema_version": 0,
          "attributes": {
            "arn": "arn:aws:iam::314146313665:instance-profile/EC2CodeDeployProfile",
            "create_date": "2025-03-22T05:21:27Z",
            "id": "EC2CodeDeployProfile",
            "name": "EC2CodeDeployProfile",
            "name_prefix": "",
            "path": "/",
            "role": "EC2CodeDeployRole",
            "tags": {},
            "tags_all": {},
            "unique_id": "AIPAUSJEUKXATJVYGOX3C"
          },
          "sensitive_attributes": [],
          "private": "bnVsbA==",
          "dependencies": [
            "aws_iam_role.ec2_codedeploy_role"
          ]
        }
      ]
    },
    {
      "mode": "managed",
      "type": "aws_iam_role",
      "name": "codedeploy_service_role",
      "provider": "provider[\"registry.terraform.io/hashicorp/aws\"]",
      "instances": [
        {
          "schema_version": 0,
          "attributes": {
            "arn": "arn:aws:iam::314146313665:role/CodeDeployServiceRole",
            "assume_role_policy": "{\"Statement\":[{\"Action\":\"sts:AssumeRole\",\"Effect\":\"Allow\",\"Principal\":{\"Service\":\"codedeploy.amazonaws.com\"}}],\"Version\":\"2012-10-17\"}",
            "create_date": "2025-03-22T05:21:26Z",
            "description": "",
            "force_detach_policies": false,
            "id": "CodeDeployServiceRole",
            "inline_policy": [],
            "managed_policy_arns": [
              "arn:aws:iam::aws:policy/service-role/AWSCodeDeployRole"
            ],
            "max_session_duration": 3600,
            "name": "CodeDeployServiceRole",
            "name_prefix": "",
            "path": "/",
            "permissions_boundary": "",
            "tags": {
              "Name": "codedeploy-service-role"
            },
            "tags_all": {
              "Name": "codedeploy-service-role"
            },
            "unique_id": "AROAUSJEUKXARXF6NW5WA"
          },
          "sensitive_attributes": [],
          "private": "bnVsbA=="
        }
      ]
    },
    {
      "mode": "managed",
      "type": "aws_iam_role",
      "name": "ec2_codedeploy_role",
      "provider": "provider[\"registry.terraform.io/hashicorp/aws\"]",
      "instances": [
        {
          "schema_version": 0,
          "attributes": {
            "arn": "arn:aws:iam::314146313665:role/EC2CodeDeployRole",
            "assume_role_policy": "{\"Statement\":[{\"Action\":\"sts:AssumeRole\",\"Effect\":\"Allow\",\"Principal\":{\"Service\":\"ec2.amazonaws.com\"}}],\"Version\":\"2012-10-17\"}",
            "create_date": "2025-03-22T05:21:26Z",
            "description": "",
            "force_detach_policies": false,
            "id": "EC2CodeDeployRole",
            "inline_policy": [],
            "managed_policy_arns": [
              "arn:aws:iam::aws:policy/AmazonS3ReadOnlyAccess",
              "arn:aws:iam::aws:policy/service-role/AWSCodeDeployRole"
            ],
            "max_session_duration": 3600,
            "name": "EC2CodeDeployRole",
            "name_prefix": "",
            "path": "/",
            "permissions_boundary": "",
            "tags": {
              "Name": "ec2-codedeploy-role"
            },
            "tags_all": {
              "Name": "ec2-codedeploy-role"
            },
            "unique_id": "AROAUSJEUKXA4H4LOX6ZE"
          },
          "sensitive_attributes": [],
          "private": "bnVsbA=="
        }
      ]
    },
    {
      "mode": "managed",
      "type": "aws_iam_role_policy_attachment",
      "name": "codedeploy_service",
      "provider": "provider[\"registry.terraform.io/hashicorp/aws\"]",
      "instances": [
        {
          "schema_version": 0,
          "attributes": {
            "id": "CodeDeployServiceRole-20250322052127361100000001",
            "policy_arn": "arn:aws:iam::aws:policy/service-role/AWSCodeDeployRole",
            "role": "CodeDeployServiceRole"
          },
          "sensitive_attributes": [],
          "private": "bnVsbA==",
          "dependencies": [
            "aws_iam_role.codedeploy_service_role"
          ]
        }
      ]
    },
    {
      "mode": "managed",
      "type": "aws_iam_role_policy_attachment",
      "name": "ec2_codedeploy",
      "provider": "provider[\"registry.terraform.io/hashicorp/aws\"]",
      "instances": [
        {
          "schema_version": 0,
          "attributes": {
            "id": "EC2CodeDeployRole-20250322052127634600000003",
            "policy_arn": "arn:aws:iam::aws:policy/service-role/AWSCodeDeployRole",
            "role": "EC2CodeDeployRole"
          },
          "sensitive_attributes": [],
          "private": "bnVsbA==",
          "dependencies": [
            "aws_iam_role.ec2_codedeploy_role"
          ]
        }
      ]
    },
    {
      "mode": "managed",
      "type": "aws_iam_role_policy_attachment",
      "name": "ec2_codedeploy_s3",
      "provider": "provider[\"registry.terraform.io/hashicorp/aws\"]",
      "instances": [
        {
          "schema_version": 0,
          "attributes": {
            "id": "EC2CodeDeployRole-20250322052127628300000002",
            "policy_arn": "arn:aws:iam::aws:policy/AmazonS3ReadOnlyAccess",
            "role": "EC2CodeDeployRole"
          },
          "sensitive_attributes": [],
          "private": "bnVsbA==",
          "dependencies": [
            "aws_iam_role.ec2_codedeploy_role"
          ]
        }
      ]
    },
    {
      "mode": "managed",
      "type": "aws_instance",
      "name": "dev_istory_nginx_instance",
      "provider": "provider[\"registry.terraform.io/hashicorp/aws\"]",
      "instances": [
        {
          "schema_version": 1,
          "attributes": {
            "ami": "ami-08b09b6acd8d62254",
            "arn": "arn:aws:ec2:ap-northeast-2:314146313665:instance/i-02aad8ada3cb44641",
            "associate_public_ip_address": true,
            "availability_zone": "ap-northeast-2a",
            "capacity_reservation_specification": [
              {
                "capacity_reservation_preference": "open",
                "capacity_reservation_target": []
              }
            ],
            "cpu_core_count": 1,
            "cpu_options": [
              {
                "amd_sev_snp": "",
                "core_count": 1,
                "threads_per_core": 1
              }
            ],
            "cpu_threads_per_core": 1,
            "credit_specification": [
              {
                "cpu_credits": "standard"
              }
            ],
            "disable_api_stop": false,
            "disable_api_termination": false,
            "ebs_block_device": [],
            "ebs_optimized": false,
            "enable_primary_ipv6": null,
            "enclave_options": [
              {
                "enabled": false
              }
            ],
            "ephemeral_block_device": [],
            "get_password_data": false,
            "hibernation": false,
            "host_id": "",
            "host_resource_group_arn": null,
            "iam_instance_profile": "EC2CodeDeployProfile",
            "id": "i-02aad8ada3cb44641",
            "instance_initiated_shutdown_behavior": "stop",
            "instance_lifecycle": "",
            "instance_market_options": [],
            "instance_state": "running",
            "instance_type": "t2.micro",
            "ipv6_address_count": 0,
            "ipv6_addresses": [],
            "key_name": "ec2-key_pair",
            "launch_template": [],
            "maintenance_options": [
              {
                "auto_recovery": "default"
              }
            ],
            "metadata_options": [
              {
                "http_endpoint": "enabled",
                "http_protocol_ipv6": "disabled",
                "http_put_response_hop_limit": 1,
                "http_tokens": "optional",
                "instance_metadata_tags": "disabled"
              }
            ],
            "monitoring": false,
            "network_interface": [],
            "outpost_arn": "",
            "password_data": "",
            "placement_group": "",
            "placement_partition_number": 0,
            "primary_network_interface_id": "eni-0205c76a150af94d7",
            "private_dns": "ip-10-0-1-156.ap-northeast-2.compute.internal",
            "private_dns_name_options": [
              {
                "enable_resource_name_dns_a_record": false,
                "enable_resource_name_dns_aaaa_record": false,
                "hostname_type": "ip-name"
              }
            ],
            "private_ip": "10.0.1.156",
            "public_dns": "ec2-3-36-94-219.ap-northeast-2.compute.amazonaws.com",
            "public_ip": "3.36.94.219",
            "root_block_device": [
              {
                "delete_on_termination": true,
                "device_name": "/dev/xvda",
                "encrypted": false,
                "iops": 100,
                "kms_key_id": "",
                "tags": {},
                "tags_all": {},
                "throughput": 0,
                "volume_id": "vol-048ae099c452dd002",
                "volume_size": 8,
                "volume_type": "gp2"
              }
            ],
            "secondary_private_ips": [],
            "security_groups": [],
            "source_dest_check": true,
            "spot_instance_request_id": "",
            "subnet_id": "subnet-094f5705b3252eb69",
            "tags": {
              "Environment": "Development",
              "Name": "istory nginx-server"
            },
            "tags_all": {
              "Environment": "Development",
              "Name": "istory nginx-server"
            },
            "tenancy": "default",
            "timeouts": null,
            "user_data": "89573fc17c6928260a1ff3340398cee177fd96f0",
            "user_data_base64": null,
            "user_data_replace_on_change": false,
            "volume_tags": null,
            "vpc_security_group_ids": [
              "sg-03099830e3fb046c9"
            ]
          },
          "sensitive_attributes": [],
          "private": "eyJlMmJmYjczMC1lY2FhLTExZTYtOGY4OC0zNDM2M2JjN2M0YzAiOnsiY3JlYXRlIjo2MDAwMDAwMDAwMDAsImRlbGV0ZSI6MTIwMDAwMDAwMDAwMCwicmVhZCI6OTAwMDAwMDAwMDAwLCJ1cGRhdGUiOjYwMDAwMDAwMDAwMH0sInNjaGVtYV92ZXJzaW9uIjoiMSJ9",
          "dependencies": [
            "aws_iam_instance_profile.ec2_profile",
            "aws_iam_role.ec2_codedeploy_role",
            "aws_key_pair.ec2_key_pair",
            "aws_security_group.istory_nginx_sg",
            "aws_subnet.dangtong-vpc-public-subnet",
            "aws_vpc.dangtong-vpc",
            "tls_private_key.ec2_private_key"
          ]
        }
      ]
    },
    {
      "mode": "managed",
      "type": "aws_internet_gateway",
      "name": "dangtong-igw",
      "provider": "provider[\"registry.terraform.io/hashicorp/aws\"]",
      "instances": [
        {
          "schema_version": 0,
          "attributes": {
            "arn": "arn:aws:ec2:ap-northeast-2:314146313665:internet-gateway/igw-0ca88e735c77a81d1",
            "id": "igw-0ca88e735c77a81d1",
            "owner_id": "314146313665",
            "tags": {
              "Name": "dangtong-igw"
            },
            "tags_all": {
              "Name": "dangtong-igw"
            },
            "timeouts": null,
            "vpc_id": "vpc-0899e5c24cc5257dc"
          },
          "sensitive_attributes": [],
          "private": "eyJlMmJmYjczMC1lY2FhLTExZTYtOGY4OC0zNDM2M2JjN2M0YzAiOnsiY3JlYXRlIjoxMjAwMDAwMDAwMDAwLCJkZWxldGUiOjEyMDAwMDAwMDAwMDAsInVwZGF0ZSI6MTIwMDAwMDAwMDAwMH19",
          "dependencies": [
            "aws_vpc.dangtong-vpc"
          ]
        }
      ]
    },
    {
      "mode": "managed",
      "type": "aws_key_pair",
      "name": "ec2_key_pair",
      "provider": "provider[\"registry.terraform.io/hashicorp/aws\"]",
      "instances": [
        {
          "schema_version": 1,
          "attributes": {
            "arn": "arn:aws:ec2:ap-northeast-2:314146313665:key-pair/ec2-key_pair",
            "fingerprint": "a9:34:e2:91:ff:9b:20:0b:58:d1:9d:94:3a:d3:1e:6b",
            "id": "ec2-key_pair",
            "key_name": "ec2-key_pair",
            "key_name_prefix": "",
            "key_pair_id": "key-0bfab010b7d23bac4",
            "key_type": "rsa",
            "public_key": "ssh-rsa AAAAB3NzaC1yc2EAAAADAQABAAABAQDmnAcDzzKDS1y94VWoeDWq0bWGDhBfAQgJ+CfMB4qwwIZYyPOLPx/15FRgFxHqVV3sgvC5gqQk0a7WFrl+a845TydiYn/MrE4BGK+OOjz+89mWENsZ7KKcrRh7Zt7QObChGEprU1SkID4b6IcUgJ7rZ6+QMpPWUArMHf+vSBCOfQdERWLH+ZVRZuBzQnG0NPjcLCdba8fcQwAHYvarOznOTkIx2nlvp5PncLYaa2WoX6y+Y83sJUYxoOZFWngG9f9LlQP1PVrpSoSrswUbu1Ga/rgygkwodjQLxJ9q/x3FFGw9QbFMzhWgAPo2yGPgAWOq0oBVTeY7bvkpLQYdEEWh",
            "tags": {},
            "tags_all": {}
          },
          "sensitive_attributes": [],
          "private": "eyJzY2hlbWFfdmVyc2lvbiI6IjEifQ==",
          "dependencies": [
            "tls_private_key.ec2_private_key"
          ]
        }
      ]
    },
    {
      "mode": "managed",
      "type": "aws_launch_template",
      "name": "istory_lt",
      "provider": "provider[\"registry.terraform.io/hashicorp/aws\"]",
      "instances": [
        {
          "schema_version": 0,
          "attributes": {
            "arn": "arn:aws:ec2:ap-northeast-2:314146313665:launch-template/lt-04d879bb77f5a0678",
            "block_device_mappings": [],
            "capacity_reservation_specification": [],
            "cpu_options": [],
            "credit_specification": [],
            "default_version": 1,
            "description": "",
            "disable_api_stop": false,
            "disable_api_termination": false,
            "ebs_optimized": "",
            "elastic_gpu_specifications": [],
            "elastic_inference_accelerator": [],
            "enclave_options": [],
            "hibernation_options": [],
            "iam_instance_profile": [
              {
                "arn": "",
                "name": "EC2CodeDeployProfile"
              }
            ],
            "id": "lt-04d879bb77f5a0678",
            "image_id": "ami-08b09b6acd8d62254",
            "instance_initiated_shutdown_behavior": "",
            "instance_market_options": [],
            "instance_requirements": [],
            "instance_type": "t3.small",
            "kernel_id": "",
            "key_name": "",
            "latest_version": 1,
            "license_specification": [],
            "maintenance_options": [],
            "metadata_options": [],
            "monitoring": [],
            "name": "istory-lt20250322073845895400000003",
            "name_prefix": "istory-lt",
            "network_interfaces": [
              {
                "associate_carrier_ip_address": "",
                "associate_public_ip_address": "true",
                "connection_tracking_specification": [],
                "delete_on_termination": "",
                "description": "",
                "device_index": 0,
                "ena_srd_specification": [],
                "interface_type": "",
                "ipv4_address_count": 0,
                "ipv4_addresses": [],
                "ipv4_prefix_count": 0,
                "ipv4_prefixes": [],
                "ipv6_address_count": 0,
                "ipv6_addresses": [],
                "ipv6_prefix_count": 0,
                "ipv6_prefixes": [],
                "network_card_index": 0,
                "network_interface_id": "",
                "primary_ipv6": "",
                "private_ip_address": "",
                "security_groups": [
                  "sg-0e819eebcf591acc6"
                ],
                "subnet_id": ""
              }
            ],
            "placement": [],
            "private_dns_name_options": [],
            "ram_disk_id": "",
            "security_group_names": [],
            "tag_specifications": [
              {
                "resource_type": "instance",
                "tags": {
                  "Environment": "Production",
                  "Name": "istory-prod"
                }
              }
            ],
            "tags": {},
            "tags_all": {},
            "update_default_version": null,
            "user_data": "IyEvYmluL2Jhc2gKeXVtIHVwZGF0ZSAteQp5dW0gaW5zdGFsbCAteSBydWJ5IHdnZXQKY2QgL2hvbWUvZWMyLXVzZXIKd2dldCBodHRwczovL2F3cy1jb2RlZGVwbG95LWFwLW5vcnRoZWFzdC0yLnMzLmFwLW5vcnRoZWFzdC0yLmFtYXpvbmF3cy5jb20vbGF0ZXN0L2luc3RhbGwKY2htb2QgK3ggLi9pbnN0YWxsCi4vaW5zdGFsbCBhdXRvCnN5c3RlbWN0bCBzdGFydCBjb2RlZGVwbG95LWFnZW50CnN5c3RlbWN0bCBlbmFibGUgY29kZWRlcGxveS1hZ2VudApjZCAvdG1wCndnZXQgaHR0cHM6Ly9jb3JyZXR0by5hd3MvZG93bmxvYWRzL2xhdGVzdC9hbWF6b24tY29ycmV0dG8tMTcteDY0LWxpbnV4LWpkay5ycG0KeXVtIGluc3RhbGwgLXkgYW1hem9uLWNvcnJldHRvLTE3LXg2NC1saW51eC1qZGsucnBtCg==",
            "vpc_security_group_ids": []
          },
          "sensitive_attributes": [],
          "private": "bnVsbA==",
          "dependencies": [
            "aws_iam_instance_profile.ec2_profile",
            "aws_iam_role.ec2_codedeploy_role",
            "aws_security_group.istory_alb_sg",
            "aws_security_group.istory_prod_ec2_sg",
            "aws_vpc.dangtong-vpc"
          ]
        }
      ]
    },
    {
      "mode": "managed",
      "type": "aws_lb",
      "name": "istory_alb",
      "provider": "provider[\"registry.terraform.io/hashicorp/aws\"]",
      "instances": [
        {
          "schema_version": 0,
          "attributes": {
            "access_logs": [
              {
                "bucket": "",
                "enabled": false,
                "prefix": ""
              }
            ],
            "arn": "arn:aws:elasticloadbalancing:ap-northeast-2:314146313665:loadbalancer/app/istory-alb/4afe5726cb6a2280",
            "arn_suffix": "app/istory-alb/4afe5726cb6a2280",
            "client_keep_alive": 3600,
            "connection_logs": [
              {
                "bucket": "",
                "enabled": false,
                "prefix": ""
              }
            ],
            "customer_owned_ipv4_pool": "",
            "desync_mitigation_mode": "defensive",
            "dns_name": "istory-alb-261570035.ap-northeast-2.elb.amazonaws.com",
            "dns_record_client_routing_policy": null,
            "drop_invalid_header_fields": false,
            "enable_cross_zone_load_balancing": true,
            "enable_deletion_protection": false,
            "enable_http2": true,
            "enable_tls_version_and_cipher_suite_headers": false,
            "enable_waf_fail_open": false,
            "enable_xff_client_port": false,
            "enable_zonal_shift": false,
            "enforce_security_group_inbound_rules_on_private_link_traffic": "",
            "id": "arn:aws:elasticloadbalancing:ap-northeast-2:314146313665:loadbalancer/app/istory-alb/4afe5726cb6a2280",
            "idle_timeout": 60,
            "internal": false,
            "ip_address_type": "ipv4",
            "ipam_pools": [],
            "load_balancer_type": "application",
            "name": "istory-alb",
            "name_prefix": "",
            "preserve_host_header": false,
            "security_groups": [
              "sg-02da100be77c01e45"
            ],
            "subnet_mapping": [
              {
                "allocation_id": "",
                "ipv6_address": "",
                "outpost_id": "",
                "private_ipv4_address": "",
                "subnet_id": "subnet-03202571907007dbe"
              },
              {
                "allocation_id": "",
                "ipv6_address": "",
                "outpost_id": "",
                "private_ipv4_address": "",
                "subnet_id": "subnet-08ea40b4c57efb40c"
              },
              {
                "allocation_id": "",
                "ipv6_address": "",
                "outpost_id": "",
                "private_ipv4_address": "",
                "subnet_id": "subnet-094f5705b3252eb69"
              },
              {
                "allocation_id": "",
                "ipv6_address": "",
                "outpost_id": "",
                "private_ipv4_address": "",
                "subnet_id": "subnet-0ea58748ce50cf88f"
              }
            ],
            "subnets": [
              "subnet-03202571907007dbe",
              "subnet-08ea40b4c57efb40c",
              "subnet-094f5705b3252eb69",
              "subnet-0ea58748ce50cf88f"
            ],
            "tags": {
              "Environment": "Production",
              "Name": "istory-alb"
            },
            "tags_all": {
              "Environment": "Production",
              "Name": "istory-alb"
            },
            "timeouts": null,
            "vpc_id": "vpc-0899e5c24cc5257dc",
            "xff_header_processing_mode": "append",
            "zone_id": "ZWKZPGTI48KDX"
          },
          "sensitive_attributes": [],
          "private": "eyJlMmJmYjczMC1lY2FhLTExZTYtOGY4OC0zNDM2M2JjN2M0YzAiOnsiY3JlYXRlIjo2MDAwMDAwMDAwMDAsImRlbGV0ZSI6NjAwMDAwMDAwMDAwLCJ1cGRhdGUiOjYwMDAwMDAwMDAwMH19",
          "dependencies": [
            "aws_security_group.istory_alb_sg",
            "aws_subnet.dangtong-vpc-public-subnet",
            "aws_vpc.dangtong-vpc"
          ]
        }
      ]
    },
    {
      "mode": "managed",
      "type": "aws_lb_listener",
      "name": "istory_listener",
      "provider": "provider[\"registry.terraform.io/hashicorp/aws\"]",
      "instances": [
        {
          "schema_version": 0,
          "attributes": {
            "alpn_policy": null,
            "arn": "arn:aws:elasticloadbalancing:ap-northeast-2:314146313665:listener/app/istory-alb/4afe5726cb6a2280/0eb48130c5cdcbe8",
            "certificate_arn": null,
            "default_action": [
              {
                "authenticate_cognito": [],
                "authenticate_oidc": [],
                "fixed_response": [],
                "forward": [],
                "order": 1,
                "redirect": [],
                "target_group_arn": "arn:aws:elasticloadbalancing:ap-northeast-2:314146313665:targetgroup/istory-tg/7eae4b989b19fc9c",
                "type": "forward"
              }
            ],
            "id": "arn:aws:elasticloadbalancing:ap-northeast-2:314146313665:listener/app/istory-alb/4afe5726cb6a2280/0eb48130c5cdcbe8",
            "load_balancer_arn": "arn:aws:elasticloadbalancing:ap-northeast-2:314146313665:loadbalancer/app/istory-alb/4afe5726cb6a2280",
            "mutual_authentication": [],
            "port": 80,
            "protocol": "HTTP",
            "routing_http_request_x_amzn_mtls_clientcert_header_name": null,
            "routing_http_request_x_amzn_mtls_clientcert_issuer_header_name": null,
            "routing_http_request_x_amzn_mtls_clientcert_leaf_header_name": null,
            "routing_http_request_x_amzn_mtls_clientcert_serial_number_header_name": null,
            "routing_http_request_x_amzn_mtls_clientcert_subject_header_name": null,
            "routing_http_request_x_amzn_mtls_clientcert_validity_header_name": null,
            "routing_http_request_x_amzn_tls_cipher_suite_header_name": null,
            "routing_http_request_x_amzn_tls_version_header_name": null,
            "routing_http_response_access_control_allow_credentials_header_value": "",
            "routing_http_response_access_control_allow_headers_header_value": "",
            "routing_http_response_access_control_allow_methods_header_value": "",
            "routing_http_response_access_control_allow_origin_header_value": "",
            "routing_http_response_access_control_expose_headers_header_value": "",
            "routing_http_response_access_control_max_age_header_value": "",
            "routing_http_response_content_security_policy_header_value": "",
            "routing_http_response_server_enabled": false,
            "routing_http_response_strict_transport_security_header_value": "",
            "routing_http_response_x_content_type_options_header_value": "",
            "routing_http_response_x_frame_options_header_value": "",
            "ssl_policy": "",
            "tags": {},
            "tags_all": {},
            "tcp_idle_timeout_seconds": null,
            "timeouts": null
          },
          "sensitive_attributes": [],
          "private": "eyJlMmJmYjczMC1lY2FhLTExZTYtOGY4OC0zNDM2M2JjN2M0YzAiOnsiY3JlYXRlIjozMDAwMDAwMDAwMDAsInVwZGF0ZSI6MzAwMDAwMDAwMDAwfX0=",
          "dependencies": [
            "aws_lb.istory_alb",
            "aws_lb_target_group.istory_tg",
            "aws_security_group.istory_alb_sg",
            "aws_subnet.dangtong-vpc-public-subnet",
            "aws_vpc.dangtong-vpc"
          ]
        }
      ]
    },
    {
      "mode": "managed",
      "type": "aws_lb_target_group",
      "name": "istory_tg",
      "provider": "provider[\"registry.terraform.io/hashicorp/aws\"]",
      "instances": [
        {
          "schema_version": 0,
          "attributes": {
            "arn": "arn:aws:elasticloadbalancing:ap-northeast-2:314146313665:targetgroup/istory-tg/7eae4b989b19fc9c",
            "arn_suffix": "targetgroup/istory-tg/7eae4b989b19fc9c",
            "connection_termination": null,
            "deregistration_delay": "300",
            "health_check": [
              {
                "enabled": true,
                "healthy_threshold": 2,
                "interval": 30,
                "matcher": "302",
                "path": "/actuator/health",
                "port": "traffic-port",
                "protocol": "HTTP",
                "timeout": 5,
                "unhealthy_threshold": 2
              }
            ],
            "id": "arn:aws:elasticloadbalancing:ap-northeast-2:314146313665:targetgroup/istory-tg/7eae4b989b19fc9c",
            "ip_address_type": "ipv4",
            "lambda_multi_value_headers_enabled": false,
            "load_balancer_arns": [
              "arn:aws:elasticloadbalancing:ap-northeast-2:314146313665:loadbalancer/app/istory-alb/4afe5726cb6a2280"
            ],
            "load_balancing_algorithm_type": "round_robin",
            "load_balancing_anomaly_mitigation": "off",
            "load_balancing_cross_zone_enabled": "use_load_balancer_configuration",
            "name": "istory-tg",
            "name_prefix": "",
            "port": 8080,
            "preserve_client_ip": null,
            "protocol": "HTTP",
            "protocol_version": "HTTP1",
            "proxy_protocol_v2": false,
            "slow_start": 0,
            "stickiness": [
              {
                "cookie_duration": 86400,
                "cookie_name": "",
                "enabled": false,
                "type": "lb_cookie"
              }
            ],
            "tags": {},
            "tags_all": {},
            "target_failover": [
              {
                "on_deregistration": null,
                "on_unhealthy": null
              }
            ],
            "target_group_health": [
              {
                "dns_failover": [
                  {
                    "minimum_healthy_targets_count": "1",
                    "minimum_healthy_targets_percentage": "off"
                  }
                ],
                "unhealthy_state_routing": [
                  {
                    "minimum_healthy_targets_count": 1,
                    "minimum_healthy_targets_percentage": "off"
                  }
                ]
              }
            ],
            "target_health_state": [
              {
                "enable_unhealthy_connection_termination": null,
                "unhealthy_draining_interval": null
              }
            ],
            "target_type": "instance",
            "vpc_id": "vpc-0899e5c24cc5257dc"
          },
          "sensitive_attributes": [],
          "private": "bnVsbA==",
          "dependencies": [
            "aws_vpc.dangtong-vpc"
          ]
        }
      ]
    },
    {
      "mode": "managed",
      "type": "aws_route_table",
      "name": "dangtong-vpc-public-rt",
      "provider": "provider[\"registry.terraform.io/hashicorp/aws\"]",
      "instances": [
        {
          "schema_version": 0,
          "attributes": {
            "arn": "arn:aws:ec2:ap-northeast-2:314146313665:route-table/rtb-08d886e28742148de",
            "id": "rtb-08d886e28742148de",
            "owner_id": "314146313665",
            "propagating_vgws": [],
            "route": [
              {
                "carrier_gateway_id": "",
                "cidr_block": "0.0.0.0/0",
                "core_network_arn": "",
                "destination_prefix_list_id": "",
                "egress_only_gateway_id": "",
                "gateway_id": "igw-0ca88e735c77a81d1",
                "ipv6_cidr_block": "",
                "local_gateway_id": "",
                "nat_gateway_id": "",
                "network_interface_id": "",
                "transit_gateway_id": "",
                "vpc_endpoint_id": "",
                "vpc_peering_connection_id": ""
              }
            ],
            "tags": {
              "Name": "dangtong-vpc-public-rt"
            },
            "tags_all": {
              "Name": "dangtong-vpc-public-rt"
            },
            "timeouts": null,
            "vpc_id": "vpc-0899e5c24cc5257dc"
          },
          "sensitive_attributes": [],
          "private": "eyJlMmJmYjczMC1lY2FhLTExZTYtOGY4OC0zNDM2M2JjN2M0YzAiOnsiY3JlYXRlIjozMDAwMDAwMDAwMDAsImRlbGV0ZSI6MzAwMDAwMDAwMDAwLCJ1cGRhdGUiOjEyMDAwMDAwMDAwMH19",
          "dependencies": [
            "aws_internet_gateway.dangtong-igw",
            "aws_vpc.dangtong-vpc"
          ]
        }
      ]
    },
    {
      "mode": "managed",
      "type": "aws_route_table_association",
      "name": "dangtong-vpc-public-rt",
      "provider": "provider[\"registry.terraform.io/hashicorp/aws\"]",
      "instances": [
        {
          "index_key": "a",
          "schema_version": 0,
          "attributes": {
            "gateway_id": "",
            "id": "rtbassoc-0301f5d0dc0195cf8",
            "route_table_id": "rtb-08d886e28742148de",
            "subnet_id": "subnet-094f5705b3252eb69",
            "timeouts": null
          },
          "sensitive_attributes": [],
          "private": "eyJlMmJmYjczMC1lY2FhLTExZTYtOGY4OC0zNDM2M2JjN2M0YzAiOnsiY3JlYXRlIjozMDAwMDAwMDAwMDAsImRlbGV0ZSI6MzAwMDAwMDAwMDAwLCJ1cGRhdGUiOjEyMDAwMDAwMDAwMH19",
          "dependencies": [
            "aws_internet_gateway.dangtong-igw",
            "aws_route_table.dangtong-vpc-public-rt",
            "aws_subnet.dangtong-vpc-public-subnet",
            "aws_vpc.dangtong-vpc"
          ]
        },
        {
          "index_key": "b",
          "schema_version": 0,
          "attributes": {
            "gateway_id": "",
            "id": "rtbassoc-0ad710fe0598d1272",
            "route_table_id": "rtb-08d886e28742148de",
            "subnet_id": "subnet-0ea58748ce50cf88f",
            "timeouts": null
          },
          "sensitive_attributes": [],
          "private": "eyJlMmJmYjczMC1lY2FhLTExZTYtOGY4OC0zNDM2M2JjN2M0YzAiOnsiY3JlYXRlIjozMDAwMDAwMDAwMDAsImRlbGV0ZSI6MzAwMDAwMDAwMDAwLCJ1cGRhdGUiOjEyMDAwMDAwMDAwMH19",
          "dependencies": [
            "aws_internet_gateway.dangtong-igw",
            "aws_route_table.dangtong-vpc-public-rt",
            "aws_subnet.dangtong-vpc-public-subnet",
            "aws_vpc.dangtong-vpc"
          ]
        },
        {
          "index_key": "c",
          "schema_version": 0,
          "attributes": {
            "gateway_id": "",
            "id": "rtbassoc-013d7ab8e9e155efe",
            "route_table_id": "rtb-08d886e28742148de",
            "subnet_id": "subnet-03202571907007dbe",
            "timeouts": null
          },
          "sensitive_attributes": [],
          "private": "eyJlMmJmYjczMC1lY2FhLTExZTYtOGY4OC0zNDM2M2JjN2M0YzAiOnsiY3JlYXRlIjozMDAwMDAwMDAwMDAsImRlbGV0ZSI6MzAwMDAwMDAwMDAwLCJ1cGRhdGUiOjEyMDAwMDAwMDAwMH19",
          "dependencies": [
            "aws_internet_gateway.dangtong-igw",
            "aws_route_table.dangtong-vpc-public-rt",
            "aws_subnet.dangtong-vpc-public-subnet",
            "aws_vpc.dangtong-vpc"
          ]
        },
        {
          "index_key": "d",
          "schema_version": 0,
          "attributes": {
            "gateway_id": "",
            "id": "rtbassoc-0f1da86f00091df62",
            "route_table_id": "rtb-08d886e28742148de",
            "subnet_id": "subnet-08ea40b4c57efb40c",
            "timeouts": null
          },
          "sensitive_attributes": [],
          "private": "eyJlMmJmYjczMC1lY2FhLTExZTYtOGY4OC0zNDM2M2JjN2M0YzAiOnsiY3JlYXRlIjozMDAwMDAwMDAwMDAsImRlbGV0ZSI6MzAwMDAwMDAwMDAwLCJ1cGRhdGUiOjEyMDAwMDAwMDAwMH19",
          "dependencies": [
            "aws_internet_gateway.dangtong-igw",
            "aws_route_table.dangtong-vpc-public-rt",
            "aws_subnet.dangtong-vpc-public-subnet",
            "aws_vpc.dangtong-vpc"
          ]
        }
      ]
    },
    {
      "mode": "managed",
      "type": "aws_s3_bucket",
      "name": "istory-prod-deploy-bucket",
      "provider": "provider[\"registry.terraform.io/hashicorp/aws\"]",
      "instances": [
        {
          "schema_version": 0,
          "attributes": {
            "acceleration_status": "",
            "acl": null,
            "arn": "arn:aws:s3:::istory-prod-deploy-bucket-314146313665",
            "bucket": "istory-prod-deploy-bucket-314146313665",
            "bucket_domain_name": "istory-prod-deploy-bucket-314146313665.s3.amazonaws.com",
            "bucket_prefix": "",
            "bucket_regional_domain_name": "istory-prod-deploy-bucket-314146313665.s3.ap-northeast-2.amazonaws.com",
            "cors_rule": [],
            "force_destroy": false,
            "grant": [
              {
                "id": "82a955e9dcd9a59751547f8cd3a8d47e7ef03d94335ba9b3dcc5ee24e038a472",
                "permissions": [
                  "FULL_CONTROL"
                ],
                "type": "CanonicalUser",
                "uri": ""
              }
            ],
            "hosted_zone_id": "Z3W03O7B5YMIYP",
            "id": "istory-prod-deploy-bucket-314146313665",
            "lifecycle_rule": [],
            "logging": [],
            "object_lock_configuration": [],
            "object_lock_enabled": false,
            "policy": "",
            "region": "ap-northeast-2",
            "replication_configuration": [],
            "request_payer": "BucketOwner",
            "server_side_encryption_configuration": [
              {
                "rule": [
                  {
                    "apply_server_side_encryption_by_default": [
                      {
                        "kms_master_key_id": "",
                        "sse_algorithm": "AES256"
                      }
                    ],
                    "bucket_key_enabled": false
                  }
                ]
              }
            ],
            "tags": {
              "Environment": "Production",
              "Name": "istory-deploy-prod"
            },
            "tags_all": {
              "Environment": "Production",
              "Name": "istory-deploy-prod"
            },
            "timeouts": null,
            "versioning": [
              {
                "enabled": false,
                "mfa_delete": false
              }
            ],
            "website": [],
            "website_domain": null,
            "website_endpoint": null
          },
          "sensitive_attributes": [],
          "private": "eyJlMmJmYjczMC1lY2FhLTExZTYtOGY4OC0zNDM2M2JjN2M0YzAiOnsiY3JlYXRlIjoxMjAwMDAwMDAwMDAwLCJkZWxldGUiOjM2MDAwMDAwMDAwMDAsInJlYWQiOjEyMDAwMDAwMDAwMDAsInVwZGF0ZSI6MTIwMDAwMDAwMDAwMH19",
          "dependencies": [
            "data.aws_caller_identity.current"
          ]
        }
      ]
    },
    {
      "mode": "managed",
      "type": "aws_s3_bucket_public_access_block",
      "name": "prod_bucket_access",
      "provider": "provider[\"registry.terraform.io/hashicorp/aws\"]",
      "instances": [
        {
          "schema_version": 0,
          "attributes": {
            "block_public_acls": true,
            "block_public_policy": true,
            "bucket": "istory-prod-deploy-bucket-314146313665",
            "id": "istory-prod-deploy-bucket-314146313665",
            "ignore_public_acls": true,
            "restrict_public_buckets": true
          },
          "sensitive_attributes": [],
          "private": "bnVsbA==",
          "dependencies": [
            "aws_s3_bucket.istory-prod-deploy-bucket",
            "data.aws_caller_identity.current"
          ]
        }
      ]
    },
    {
      "mode": "managed",
      "type": "aws_s3_bucket_server_side_encryption_configuration",
      "name": "prod_bucket_encryption",
      "provider": "provider[\"registry.terraform.io/hashicorp/aws\"]",
      "instances": [
        {
          "schema_version": 0,
          "attributes": {
            "bucket": "istory-prod-deploy-bucket-314146313665",
            "expected_bucket_owner": "",
            "id": "istory-prod-deploy-bucket-314146313665",
            "rule": [
              {
                "apply_server_side_encryption_by_default": [
                  {
                    "kms_master_key_id": "",
                    "sse_algorithm": "AES256"
                  }
                ],
                "bucket_key_enabled": null
              }
            ]
          },
          "sensitive_attributes": [],
          "private": "bnVsbA==",
          "dependencies": [
            "aws_s3_bucket.istory-prod-deploy-bucket",
            "data.aws_caller_identity.current"
          ]
        }
      ]
    },
    {
      "mode": "managed",
      "type": "aws_s3_bucket_versioning",
      "name": "prod_deploy_bucket_versioning",
      "provider": "provider[\"registry.terraform.io/hashicorp/aws\"]",
      "instances": [
        {
          "schema_version": 0,
          "attributes": {
            "bucket": "istory-prod-deploy-bucket-314146313665",
            "expected_bucket_owner": "",
            "id": "istory-prod-deploy-bucket-314146313665",
            "mfa": null,
            "versioning_configuration": [
              {
                "mfa_delete": "",
                "status": "Enabled"
              }
            ]
          },
          "sensitive_attributes": [],
          "private": "bnVsbA==",
          "dependencies": [
            "aws_s3_bucket.istory-prod-deploy-bucket",
            "data.aws_caller_identity.current"
          ]
        }
      ]
    },
    {
      "mode": "managed",
      "type": "aws_security_group",
      "name": "istory_alb_sg",
      "provider": "provider[\"registry.terraform.io/hashicorp/aws\"]",
      "instances": [
        {
          "schema_version": 1,
          "attributes": {
            "arn": "arn:aws:ec2:ap-northeast-2:314146313665:security-group/sg-02da100be77c01e45",
            "description": "Managed by Terraform",
            "egress": [
              {
                "cidr_blocks": [
                  "0.0.0.0/0"
                ],
                "description": "",
                "from_port": 0,
                "ipv6_cidr_blocks": [],
                "prefix_list_ids": [],
                "protocol": "-1",
                "security_groups": [],
                "self": false,
                "to_port": 0
              }
            ],
            "id": "sg-02da100be77c01e45",
            "ingress": [
              {
                "cidr_blocks": [
                  "0.0.0.0/0"
                ],
                "description": "Allow HTTP",
                "from_port": 80,
                "ipv6_cidr_blocks": [],
                "prefix_list_ids": [],
                "protocol": "tcp",
                "security_groups": [],
                "self": false,
                "to_port": 80
              }
            ],
            "name": "istory alb sg20250322073840883600000001",
            "name_prefix": "istory alb sg",
            "owner_id": "314146313665",
            "revoke_rules_on_delete": false,
            "tags": {
              "Name": "istory-alb-sg"
            },
            "tags_all": {
              "Name": "istory-alb-sg"
            },
            "timeouts": null,
            "vpc_id": "vpc-0899e5c24cc5257dc"
          },
          "sensitive_attributes": [],
          "private": "eyJlMmJmYjczMC1lY2FhLTExZTYtOGY4OC0zNDM2M2JjN2M0YzAiOnsiY3JlYXRlIjo2MDAwMDAwMDAwMDAsImRlbGV0ZSI6OTAwMDAwMDAwMDAwfSwic2NoZW1hX3ZlcnNpb24iOiIxIn0=",
          "dependencies": [
            "aws_vpc.dangtong-vpc"
          ]
        }
      ]
    },
    {
      "mode": "managed",
      "type": "aws_security_group",
      "name": "istory_nginx_sg",
      "provider": "provider[\"registry.terraform.io/hashicorp/aws\"]",
      "instances": [
        {
          "schema_version": 1,
          "attributes": {
            "arn": "arn:aws:ec2:ap-northeast-2:314146313665:security-group/sg-03099830e3fb046c9",
            "description": "Managed by Terraform",
            "egress": [
              {
                "cidr_blocks": [
                  "0.0.0.0/0"
                ],
                "description": "",
                "from_port": 0,
                "ipv6_cidr_blocks": [],
                "prefix_list_ids": [],
                "protocol": "-1",
                "security_groups": [],
                "self": false,
                "to_port": 0
              }
            ],
            "id": "sg-03099830e3fb046c9",
            "ingress": [
              {
                "cidr_blocks": [
                  "0.0.0.0/0"
                ],
                "description": "Allow HTTP",
                "from_port": 8080,
                "ipv6_cidr_blocks": [],
                "prefix_list_ids": [],
                "protocol": "tcp",
                "security_groups": [],
                "self": false,
                "to_port": 8080
              },
              {
                "cidr_blocks": [
                  "0.0.0.0/0"
                ],
                "description": "Allow SSH",
                "from_port": 22,
                "ipv6_cidr_blocks": [],
                "prefix_list_ids": [],
                "protocol": "tcp",
                "security_groups": [],
                "self": false,
                "to_port": 22
              }
            ],
            "name": "istory nginx sg20250322052137566300000004",
            "name_prefix": "istory nginx sg",
            "owner_id": "314146313665",
            "revoke_rules_on_delete": false,
            "tags": {},
            "tags_all": {},
            "timeouts": null,
            "vpc_id": "vpc-0899e5c24cc5257dc"
          },
          "sensitive_attributes": [],
          "private": "eyJlMmJmYjczMC1lY2FhLTExZTYtOGY4OC0zNDM2M2JjN2M0YzAiOnsiY3JlYXRlIjo2MDAwMDAwMDAwMDAsImRlbGV0ZSI6OTAwMDAwMDAwMDAwfSwic2NoZW1hX3ZlcnNpb24iOiIxIn0=",
          "dependencies": [
            "aws_vpc.dangtong-vpc"
          ]
        }
      ]
    },
    {
      "mode": "managed",
      "type": "aws_security_group",
      "name": "istory_prod_ec2_sg",
      "provider": "provider[\"registry.terraform.io/hashicorp/aws\"]",
      "instances": [
        {
          "schema_version": 1,
          "attributes": {
            "arn": "arn:aws:ec2:ap-northeast-2:314146313665:security-group/sg-0e819eebcf591acc6",
            "description": "Managed by Terraform",
            "egress": [
              {
                "cidr_blocks": [
                  "0.0.0.0/0"
                ],
                "description": "",
                "from_port": 0,
                "ipv6_cidr_blocks": [],
                "prefix_list_ids": [],
                "protocol": "-1",
                "security_groups": [],
                "self": false,
                "to_port": 0
              }
            ],
            "id": "sg-0e819eebcf591acc6",
            "ingress": [
              {
                "cidr_blocks": [
                  "0.0.0.0/0"
                ],
                "description": "Allow SSH",
                "from_port": 22,
                "ipv6_cidr_blocks": [],
                "prefix_list_ids": [],
                "protocol": "tcp",
                "security_groups": [],
                "self": false,
                "to_port": 22
              },
              {
                "cidr_blocks": [],
                "description": "Allow HTTP from ALB",
                "from_port": 8080,
                "ipv6_cidr_blocks": [],
                "prefix_list_ids": [],
                "protocol": "tcp",
                "security_groups": [
                  "sg-02da100be77c01e45"
                ],
                "self": false,
                "to_port": 8080
              }
            ],
            "name": "istory prod ec2 sg20250322073843523700000002",
            "name_prefix": "istory prod ec2 sg",
            "owner_id": "314146313665",
            "revoke_rules_on_delete": false,
            "tags": {
              "Name": "istory-prod-ec2-sg"
            },
            "tags_all": {
              "Name": "istory-prod-ec2-sg"
            },
            "timeouts": null,
            "vpc_id": "vpc-0899e5c24cc5257dc"
          },
          "sensitive_attributes": [],
          "private": "eyJlMmJmYjczMC1lY2FhLTExZTYtOGY4OC0zNDM2M2JjN2M0YzAiOnsiY3JlYXRlIjo2MDAwMDAwMDAwMDAsImRlbGV0ZSI6OTAwMDAwMDAwMDAwfSwic2NoZW1hX3ZlcnNpb24iOiIxIn0=",
          "dependencies": [
            "aws_security_group.istory_alb_sg",
            "aws_vpc.dangtong-vpc"
          ]
        }
      ]
    },
    {
      "mode": "managed",
      "type": "aws_security_group",
      "name": "istory_rds_sg",
      "provider": "provider[\"registry.terraform.io/hashicorp/aws\"]",
      "instances": [
        {
          "schema_version": 1,
          "attributes": {
            "arn": "arn:aws:ec2:ap-northeast-2:314146313665:security-group/sg-04dc12a8cae989732",
            "description": "Managed by Terraform",
            "egress": [
              {
                "cidr_blocks": [
                  "0.0.0.0/0"
                ],
                "description": "",
                "from_port": 0,
                "ipv6_cidr_blocks": [],
                "prefix_list_ids": [],
                "protocol": "-1",
                "security_groups": [],
                "self": false,
                "to_port": 0
              }
            ],
            "id": "sg-04dc12a8cae989732",
            "ingress": [
              {
                "cidr_blocks": [],
                "description": "Allow MySQL from EC2",
                "from_port": 3306,
                "ipv6_cidr_blocks": [],
                "prefix_list_ids": [],
                "protocol": "tcp",
                "security_groups": [
                  "sg-03099830e3fb046c9",
                  "sg-0e819eebcf591acc6"
                ],
                "self": false,
                "to_port": 3306
              }
            ],
            "name": "istory rds sg20250322052140156000000006",
            "name_prefix": "istory rds sg",
            "owner_id": "314146313665",
            "revoke_rules_on_delete": false,
            "tags": {
              "Name": "istory-rds-sg"
            },
            "tags_all": {
              "Name": "istory-rds-sg"
            },
            "timeouts": null,
            "vpc_id": "vpc-0899e5c24cc5257dc"
          },
          "sensitive_attributes": [],
          "private": "eyJlMmJmYjczMC1lY2FhLTExZTYtOGY4OC0zNDM2M2JjN2M0YzAiOnsiY3JlYXRlIjo2MDAwMDAwMDAwMDAsImRlbGV0ZSI6OTAwMDAwMDAwMDAwfSwic2NoZW1hX3ZlcnNpb24iOiIxIn0=",
          "dependencies": [
            "aws_security_group.istory_alb_sg",
            "aws_security_group.istory_nginx_sg",
            "aws_security_group.istory_prod_ec2_sg",
            "aws_vpc.dangtong-vpc"
          ]
        }
      ]
    },
    {
      "mode": "managed",
      "type": "aws_sns_topic",
      "name": "deployment_notifications",
      "provider": "provider[\"registry.terraform.io/hashicorp/aws\"]",
      "instances": [
        {
          "schema_version": 0,
          "attributes": {
            "application_failure_feedback_role_arn": "",
            "application_success_feedback_role_arn": "",
            "application_success_feedback_sample_rate": 0,
            "archive_policy": "",
            "arn": "arn:aws:sns:ap-northeast-2:314146313665:istory-deployment-notifications",
            "beginning_archive_time": "",
            "content_based_deduplication": false,
            "delivery_policy": "",
            "display_name": "",
            "fifo_topic": false,
            "firehose_failure_feedback_role_arn": "",
            "firehose_success_feedback_role_arn": "",
            "firehose_success_feedback_sample_rate": 0,
            "http_failure_feedback_role_arn": "",
            "http_success_feedback_role_arn": "",
            "http_success_feedback_sample_rate": 0,
            "id": "arn:aws:sns:ap-northeast-2:314146313665:istory-deployment-notifications",
            "kms_master_key_id": "",
            "lambda_failure_feedback_role_arn": "",
            "lambda_success_feedback_role_arn": "",
            "lambda_success_feedback_sample_rate": 0,
            "name": "istory-deployment-notifications",
            "name_prefix": "",
            "owner": "314146313665",
            "policy": "{\"Id\":\"__default_policy_ID\",\"Statement\":[{\"Action\":[\"SNS:GetTopicAttributes\",\"SNS:SetTopicAttributes\",\"SNS:AddPermission\",\"SNS:RemovePermission\",\"SNS:DeleteTopic\",\"SNS:Subscribe\",\"SNS:ListSubscriptionsByTopic\",\"SNS:Publish\"],\"Condition\":{\"StringEquals\":{\"AWS:SourceOwner\":\"314146313665\"}},\"Effect\":\"Allow\",\"Principal\":{\"AWS\":\"*\"},\"Resource\":\"arn:aws:sns:ap-northeast-2:314146313665:istory-deployment-notifications\",\"Sid\":\"__default_statement_ID\"}],\"Version\":\"2008-10-17\"}",
            "signature_version": 0,
            "sqs_failure_feedback_role_arn": "",
            "sqs_success_feedback_role_arn": "",
            "sqs_success_feedback_sample_rate": 0,
            "tags": {},
            "tags_all": {},
            "tracing_config": ""
          },
          "sensitive_attributes": [],
          "private": "bnVsbA=="
        }
      ]
    },
    {
      "mode": "managed",
      "type": "aws_subnet",
      "name": "dangtong-vpc-public-subnet",
      "provider": "provider[\"registry.terraform.io/hashicorp/aws\"]",
      "instances": [
        {
          "index_key": "a",
          "schema_version": 1,
          "attributes": {
            "arn": "arn:aws:ec2:ap-northeast-2:314146313665:subnet/subnet-094f5705b3252eb69",
            "assign_ipv6_address_on_creation": false,
            "availability_zone": "ap-northeast-2a",
            "availability_zone_id": "apne2-az1",
            "cidr_block": "10.0.1.0/24",
            "customer_owned_ipv4_pool": "",
            "enable_dns64": false,
            "enable_lni_at_device_index": 0,
            "enable_resource_name_dns_a_record_on_launch": false,
            "enable_resource_name_dns_aaaa_record_on_launch": false,
            "id": "subnet-094f5705b3252eb69",
            "ipv6_cidr_block": "",
            "ipv6_cidr_block_association_id": "",
            "ipv6_native": false,
            "map_customer_owned_ip_on_launch": false,
            "map_public_ip_on_launch": true,
            "outpost_arn": "",
            "owner_id": "314146313665",
            "private_dns_hostname_type_on_launch": "ip-name",
            "tags": {
              "Name": "dangtong-vpc-public-subnet-a"
            },
            "tags_all": {
              "Name": "dangtong-vpc-public-subnet-a"
            },
            "timeouts": null,
            "vpc_id": "vpc-0899e5c24cc5257dc"
          },
          "sensitive_attributes": [],
          "private": "eyJlMmJmYjczMC1lY2FhLTExZTYtOGY4OC0zNDM2M2JjN2M0YzAiOnsiY3JlYXRlIjo2MDAwMDAwMDAwMDAsImRlbGV0ZSI6MTIwMDAwMDAwMDAwMH0sInNjaGVtYV92ZXJzaW9uIjoiMSJ9",
          "dependencies": [
            "aws_vpc.dangtong-vpc"
          ]
        },
        {
          "index_key": "b",
          "schema_version": 1,
          "attributes": {
            "arn": "arn:aws:ec2:ap-northeast-2:314146313665:subnet/subnet-0ea58748ce50cf88f",
            "assign_ipv6_address_on_creation": false,
            "availability_zone": "ap-northeast-2b",
            "availability_zone_id": "apne2-az2",
            "cidr_block": "10.0.2.0/24",
            "customer_owned_ipv4_pool": "",
            "enable_dns64": false,
            "enable_lni_at_device_index": 0,
            "enable_resource_name_dns_a_record_on_launch": false,
            "enable_resource_name_dns_aaaa_record_on_launch": false,
            "id": "subnet-0ea58748ce50cf88f",
            "ipv6_cidr_block": "",
            "ipv6_cidr_block_association_id": "",
            "ipv6_native": false,
            "map_customer_owned_ip_on_launch": false,
            "map_public_ip_on_launch": true,
            "outpost_arn": "",
            "owner_id": "314146313665",
            "private_dns_hostname_type_on_launch": "ip-name",
            "tags": {
              "Name": "dangtong-vpc-public-subnet-b"
            },
            "tags_all": {
              "Name": "dangtong-vpc-public-subnet-b"
            },
            "timeouts": null,
            "vpc_id": "vpc-0899e5c24cc5257dc"
          },
          "sensitive_attributes": [],
          "private": "eyJlMmJmYjczMC1lY2FhLTExZTYtOGY4OC0zNDM2M2JjN2M0YzAiOnsiY3JlYXRlIjo2MDAwMDAwMDAwMDAsImRlbGV0ZSI6MTIwMDAwMDAwMDAwMH0sInNjaGVtYV92ZXJzaW9uIjoiMSJ9",
          "dependencies": [
            "aws_vpc.dangtong-vpc"
          ]
        },
        {
          "index_key": "c",
          "schema_version": 1,
          "attributes": {
            "arn": "arn:aws:ec2:ap-northeast-2:314146313665:subnet/subnet-03202571907007dbe",
            "assign_ipv6_address_on_creation": false,
            "availability_zone": "ap-northeast-2c",
            "availability_zone_id": "apne2-az3",
            "cidr_block": "10.0.3.0/24",
            "customer_owned_ipv4_pool": "",
            "enable_dns64": false,
            "enable_lni_at_device_index": 0,
            "enable_resource_name_dns_a_record_on_launch": false,
            "enable_resource_name_dns_aaaa_record_on_launch": false,
            "id": "subnet-03202571907007dbe",
            "ipv6_cidr_block": "",
            "ipv6_cidr_block_association_id": "",
            "ipv6_native": false,
            "map_customer_owned_ip_on_launch": false,
            "map_public_ip_on_launch": true,
            "outpost_arn": "",
            "owner_id": "314146313665",
            "private_dns_hostname_type_on_launch": "ip-name",
            "tags": {
              "Name": "dangtong-vpc-public-subnet-c"
            },
            "tags_all": {
              "Name": "dangtong-vpc-public-subnet-c"
            },
            "timeouts": null,
            "vpc_id": "vpc-0899e5c24cc5257dc"
          },
          "sensitive_attributes": [],
          "private": "eyJlMmJmYjczMC1lY2FhLTExZTYtOGY4OC0zNDM2M2JjN2M0YzAiOnsiY3JlYXRlIjo2MDAwMDAwMDAwMDAsImRlbGV0ZSI6MTIwMDAwMDAwMDAwMH0sInNjaGVtYV92ZXJzaW9uIjoiMSJ9",
          "dependencies": [
            "aws_vpc.dangtong-vpc"
          ]
        },
        {
          "index_key": "d",
          "schema_version": 1,
          "attributes": {
            "arn": "arn:aws:ec2:ap-northeast-2:314146313665:subnet/subnet-08ea40b4c57efb40c",
            "assign_ipv6_address_on_creation": false,
            "availability_zone": "ap-northeast-2d",
            "availability_zone_id": "apne2-az4",
            "cidr_block": "10.0.4.0/24",
            "customer_owned_ipv4_pool": "",
            "enable_dns64": false,
            "enable_lni_at_device_index": 0,
            "enable_resource_name_dns_a_record_on_launch": false,
            "enable_resource_name_dns_aaaa_record_on_launch": false,
            "id": "subnet-08ea40b4c57efb40c",
            "ipv6_cidr_block": "",
            "ipv6_cidr_block_association_id": "",
            "ipv6_native": false,
            "map_customer_owned_ip_on_launch": false,
            "map_public_ip_on_launch": true,
            "outpost_arn": "",
            "owner_id": "314146313665",
            "private_dns_hostname_type_on_launch": "ip-name",
            "tags": {
              "Name": "dangtong-vpc-public-subnet-d"
            },
            "tags_all": {
              "Name": "dangtong-vpc-public-subnet-d"
            },
            "timeouts": null,
            "vpc_id": "vpc-0899e5c24cc5257dc"
          },
          "sensitive_attributes": [],
          "private": "eyJlMmJmYjczMC1lY2FhLTExZTYtOGY4OC0zNDM2M2JjN2M0YzAiOnsiY3JlYXRlIjo2MDAwMDAwMDAwMDAsImRlbGV0ZSI6MTIwMDAwMDAwMDAwMH0sInNjaGVtYV92ZXJzaW9uIjoiMSJ9",
          "dependencies": [
            "aws_vpc.dangtong-vpc"
          ]
        }
      ]
    },
    {
      "mode": "managed",
      "type": "aws_vpc",
      "name": "dangtong-vpc",
      "provider": "provider[\"registry.terraform.io/hashicorp/aws\"]",
      "instances": [
        {
          "schema_version": 1,
          "attributes": {
            "arn": "arn:aws:ec2:ap-northeast-2:314146313665:vpc/vpc-0899e5c24cc5257dc",
            "assign_generated_ipv6_cidr_block": false,
            "cidr_block": "10.0.0.0/16",
            "default_network_acl_id": "acl-0965263d7e20e4ec2",
            "default_route_table_id": "rtb-0060fd37f1830c865",
            "default_security_group_id": "sg-08b4904d8c6640de4",
            "dhcp_options_id": "dopt-0c7cd67e22de0dffc",
            "enable_dns_hostnames": true,
            "enable_dns_support": true,
            "enable_network_address_usage_metrics": false,
            "id": "vpc-0899e5c24cc5257dc",
            "instance_tenancy": "default",
            "ipv4_ipam_pool_id": null,
            "ipv4_netmask_length": null,
            "ipv6_association_id": "",
            "ipv6_cidr_block": "",
            "ipv6_cidr_block_network_border_group": "",
            "ipv6_ipam_pool_id": "",
            "ipv6_netmask_length": 0,
            "main_route_table_id": "rtb-0060fd37f1830c865",
            "owner_id": "314146313665",
            "tags": {
              "Name": "dangtong-vpc"
            },
            "tags_all": {
              "Name": "dangtong-vpc"
            }
          },
          "sensitive_attributes": [],
          "private": "eyJzY2hlbWFfdmVyc2lvbiI6IjEifQ=="
        }
      ]
    },
    {
      "mode": "managed",
      "type": "tls_private_key",
      "name": "ec2_private_key",
      "provider": "provider[\"registry.terraform.io/hashicorp/tls\"]",
      "instances": [
        {
          "schema_version": 1,
          "attributes": {
            "algorithm": "RSA",
            "ecdsa_curve": "P224",
            "id": "bc08fb114b97d76b8cec03f863f122009a96953c",
            "private_key_openssh": "-----BEGIN OPENSSH PRIVATE KEY-----\nb3BlbnNzaC1rZXktdjEAAAAABG5vbmUAAAAEbm9uZQAAAAAAAAABAAABFwAAAAdz\nc2gtcnNhAAAAAwEAAQAAAQEA5pwHA88yg0tcveFVqHg1qtG1hg4QXwEICfgnzAeK\nsMCGWMjziz8f9eRUYBcR6lVd7ILwuYKkJNGu1ha5fmvOOU8nYmJ/zKxOARivjjo8\n/vPZlhDbGeyinK0Ye2be0DmwoRhKa1NUpCA+G+iHFICe62evkDKT1lAKzB3/r0gQ\njn0HREVix/mVUWbgc0JxtDT43CwnW2vH3EMAB2L2qzs5zk5CMdp5b6eT53C2Gmtl\nqF+svmPN7CVGMaDmRVp4BvX/S5UD9T1a6UqEq7MFG7tRmv64MoJMKHY0C8Sfav8d\nxRRsPUGxTM4VoAD6Nshj4AFjqtKAVU3mO275KS0GHRBFoQAAA7jVrLcC1ay3AgAA\nAAdzc2gtcnNhAAABAQDmnAcDzzKDS1y94VWoeDWq0bWGDhBfAQgJ+CfMB4qwwIZY\nyPOLPx/15FRgFxHqVV3sgvC5gqQk0a7WFrl+a845TydiYn/MrE4BGK+OOjz+89mW\nENsZ7KKcrRh7Zt7QObChGEprU1SkID4b6IcUgJ7rZ6+QMpPWUArMHf+vSBCOfQdE\nRWLH+ZVRZuBzQnG0NPjcLCdba8fcQwAHYvarOznOTkIx2nlvp5PncLYaa2WoX6y+\nY83sJUYxoOZFWngG9f9LlQP1PVrpSoSrswUbu1Ga/rgygkwodjQLxJ9q/x3FFGw9\nQbFMzhWgAPo2yGPgAWOq0oBVTeY7bvkpLQYdEEWhAAAAAwEAAQAAAQEAxtIoviEK\nZOY5rD+1cU1Kv96UCWLgvHgQLUA1V5P9AAzNB4khaKFg9cgI8tuRB57YHox57Qb0\nbAYYHd5zyMo7f299/jX8B0Na8VkOKqqNYiZtJxObQ0ugm0IlhGcZnR7P6OQfbU7n\n/6UIx1j/9S47VawMUl841KIn3PnUMpQIKj+AU2RBbicz3Cbz/Rj6Bpj9F9k1CTgZ\nU+QC7FGd9h8i/VjfQI26tjKQIxhtzjqS5idTCOeh8FX2EhGNS3qqwH80VdJeEU3V\nQwS8yqGOueDWsrce5aSINiQsCKkHXRtu/9SYX9liobttsCZrHUB5KNqFVpL7+S+V\nVJAlerk7ZFjlQQAAAIEAwdJ2wyWDpJacNZ2kzVNoyAmK3b9SGFWYv7+jHYlKd7e3\nrmlq+0uSs0FsmG5eyxbqwoJhN2P4t9GCKdRLdqhk6KNZq4NAzHkgcqBLWRDrP/Em\n3JZ4CKHKzeUofmJ42qkC65NETcLY2PN151hw1y48YAccqAGqeJ+V8KKSES/gJy4A\nAACBAO5Je7qCcmgnLv0YbG0sp5/sVhT7/LQ/AlVgKMy5Cp6Z8XVf3zCf6oNLS36U\nt9LTjunhzyQnwBxzoSwwMkz93X2Wt4m6MXkaSvb4rOEPi+pmR01mBQH7mG2zt1+N\nof+cKbA1YtGDTlPDqq1e4Ng3c1zkglNYc76PeD6/irg/UYo5AAAAgQD3wHFeI0zN\nalMSZa7H7tEIjtBReZNbMyxK8cz1VPNJbVnGflAH09eWFj3VMqbCk9EKjg9iH3H6\niU2+lN6PjuNysQiTBRAstPEn3ECIAdbFNQHb35R5YxDTh3YIGGVEo13JeK6yW17J\nBEHFLTYC7bDRLPgVC+oRsB3GGj5HVbQ2qQAAAAAB\n-----END OPENSSH PRIVATE KEY-----\n",
            "private_key_pem": "-----BEGIN RSA PRIVATE KEY-----\nMIIEpQIBAAKCAQEA5pwHA88yg0tcveFVqHg1qtG1hg4QXwEICfgnzAeKsMCGWMjz\niz8f9eRUYBcR6lVd7ILwuYKkJNGu1ha5fmvOOU8nYmJ/zKxOARivjjo8/vPZlhDb\nGeyinK0Ye2be0DmwoRhKa1NUpCA+G+iHFICe62evkDKT1lAKzB3/r0gQjn0HREVi\nx/mVUWbgc0JxtDT43CwnW2vH3EMAB2L2qzs5zk5CMdp5b6eT53C2GmtlqF+svmPN\n7CVGMaDmRVp4BvX/S5UD9T1a6UqEq7MFG7tRmv64MoJMKHY0C8Sfav8dxRRsPUGx\nTM4VoAD6Nshj4AFjqtKAVU3mO275KS0GHRBFoQIDAQABAoIBAQDG0ii+IQpk5jms\nP7VxTUq/3pQJYuC8eBAtQDVXk/0ADM0HiSFooWD1yAjy25EHntgejHntBvRsBhgd\n3nPIyjt/b33+NfwHQ1rxWQ4qqo1iJm0nE5tDS6CbQiWEZxmdHs/o5B9tTuf/pQjH\nWP/1LjtVrAxSXzjUoifc+dQylAgqP4BTZEFuJzPcJvP9GPoGmP0X2TUJOBlT5ALs\nUZ32HyL9WN9Ajbq2MpAjGG3OOpLmJ1MI56HwVfYSEY1LeqrAfzRV0l4RTdVDBLzK\noY654Naytx7lpIg2JCwIqQddG27/1Jhf2WKhu22wJmsdQHko2oVWkvv5L5VUkCV6\nuTtkWOVBAoGBAO5Je7qCcmgnLv0YbG0sp5/sVhT7/LQ/AlVgKMy5Cp6Z8XVf3zCf\n6oNLS36Ut9LTjunhzyQnwBxzoSwwMkz93X2Wt4m6MXkaSvb4rOEPi+pmR01mBQH7\nmG2zt1+Nof+cKbA1YtGDTlPDqq1e4Ng3c1zkglNYc76PeD6/irg/UYo5AoGBAPfA\ncV4jTM1qUxJlrsfu0QiO0FF5k1szLErxzPVU80ltWcZ+UAfT15YWPdUypsKT0QqO\nD2IfcfqJTb6U3o+O43KxCJMFECy08SfcQIgB1sU1AdvflHljENOHdggYZUSjXcl4\nrrJbXskEQcUtNgLtsNEs+BUL6hGwHcYaPkdVtDapAoGAMiz3CMb/ID9f/Ztu+W41\nvc8eMTz+cVXzP9cHwFQWkF8KIRUXAj4qO4tXUkgujQ5PQaBy5cIZCeSvQ4bCkMPE\nJ/Xcn/u8/ysyLd8fSCTl6W2wBfQ9ibVY24DEVDKWsiRIAvq63DMyAyFohyk7X0wN\n1rmnV7WAadf8EfpzU2jB2sECgYEArnhPXcPuKhpeNe51j0aW3jf0a+v54Ze/8Wcm\ntv4D9gmT1zzMjzaX85HmKWVqGkyOQaiZHLiYQ569qSCdOuudMP+K0j4WjeU+jpuE\ntkLVRDt3+6cPoAwrpUsXy8uiRRvmyCK8o83Eijr9NiYIizdn9WZ9rhSd2ab00LVa\ndlHcf0ECgYEAwdJ2wyWDpJacNZ2kzVNoyAmK3b9SGFWYv7+jHYlKd7e3rmlq+0uS\ns0FsmG5eyxbqwoJhN2P4t9GCKdRLdqhk6KNZq4NAzHkgcqBLWRDrP/Em3JZ4CKHK\nzeUofmJ42qkC65NETcLY2PN151hw1y48YAccqAGqeJ+V8KKSES/gJy4=\n-----END RSA PRIVATE KEY-----\n",
            "private_key_pem_pkcs8": "-----BEGIN PRIVATE KEY-----\nMIIEvwIBADANBgkqhkiG9w0BAQEFAASCBKkwggSlAgEAAoIBAQDmnAcDzzKDS1y9\n4VWoeDWq0bWGDhBfAQgJ+CfMB4qwwIZYyPOLPx/15FRgFxHqVV3sgvC5gqQk0a7W\nFrl+a845TydiYn/MrE4BGK+OOjz+89mWENsZ7KKcrRh7Zt7QObChGEprU1SkID4b\n6IcUgJ7rZ6+QMpPWUArMHf+vSBCOfQdERWLH+ZVRZuBzQnG0NPjcLCdba8fcQwAH\nYvarOznOTkIx2nlvp5PncLYaa2WoX6y+Y83sJUYxoOZFWngG9f9LlQP1PVrpSoSr\nswUbu1Ga/rgygkwodjQLxJ9q/x3FFGw9QbFMzhWgAPo2yGPgAWOq0oBVTeY7bvkp\nLQYdEEWhAgMBAAECggEBAMbSKL4hCmTmOaw/tXFNSr/elAli4Lx4EC1ANVeT/QAM\nzQeJIWihYPXICPLbkQee2B6Mee0G9GwGGB3ec8jKO39vff41/AdDWvFZDiqqjWIm\nbScTm0NLoJtCJYRnGZ0ez+jkH21O5/+lCMdY//UuO1WsDFJfONSiJ9z51DKUCCo/\ngFNkQW4nM9wm8/0Y+gaY/RfZNQk4GVPkAuxRnfYfIv1Y30CNurYykCMYbc46kuYn\nUwjnofBV9hIRjUt6qsB/NFXSXhFN1UMEvMqhjrng1rK3HuWkiDYkLAipB10bbv/U\nmF/ZYqG7bbAmax1AeSjahVaS+/kvlVSQJXq5O2RY5UECgYEA7kl7uoJyaCcu/Rhs\nbSynn+xWFPv8tD8CVWAozLkKnpnxdV/fMJ/qg0tLfpS30tOO6eHPJCfAHHOhLDAy\nTP3dfZa3iboxeRpK9vis4Q+L6mZHTWYFAfuYbbO3X42h/5wpsDVi0YNOU8OqrV7g\n2DdzXOSCU1hzvo94Pr+KuD9RijkCgYEA98BxXiNMzWpTEmWux+7RCI7QUXmTWzMs\nSvHM9VTzSW1Zxn5QB9PXlhY91TKmwpPRCo4PYh9x+olNvpTej47jcrEIkwUQLLTx\nJ9xAiAHWxTUB29+UeWMQ04d2CBhlRKNdyXiuslteyQRBxS02Au2w0Sz4FQvqEbAd\nxho+R1W0NqkCgYAyLPcIxv8gP1/9m275bjW9zx4xPP5xVfM/1wfAVBaQXwohFRcC\nPio7i1dSSC6NDk9BoHLlwhkJ5K9DhsKQw8Qn9dyf+7z/KzIt3x9IJOXpbbAF9D2J\ntVjbgMRUMpayJEgC+rrcMzIDIWiHKTtfTA3WuadXtYBp1/wR+nNTaMHawQKBgQCu\neE9dw+4qGl417nWPRpbeN/Rr6/nhl7/xZya2/gP2CZPXPMyPNpfzkeYpZWoaTI5B\nqJkcuJhDnr2pIJ06650w/4rSPhaN5T6Om4S2QtVEO3f7pw+gDCulSxfLy6JFG+bI\nIryjzcSKOv02JgiLN2f1Zn2uFJ3ZpvTQtVp2Udx/QQKBgQDB0nbDJYOklpw1naTN\nU2jICYrdv1IYVZi/v6MdiUp3t7euaWr7S5KzQWyYbl7LFurCgmE3Y/i30YIp1Et2\nqGToo1mrg0DMeSByoEtZEOs/8SbclngIocrN5Sh+YnjaqQLrk0RNwtjY83XnWHDX\nLjxgBxyoAap4n5XwopIRL+AnLg==\n-----END PRIVATE KEY-----\n",
            "public_key_fingerprint_md5": "46:01:98:8b:3d:d8:d0:81:70:bc:99:b7:c8:78:64:60",
            "public_key_fingerprint_sha256": "SHA256:O4rprmlNxaSDDShvikc9V3p2yv1NGFMP56DOJie3+yM",
            "public_key_openssh": "ssh-rsa AAAAB3NzaC1yc2EAAAADAQABAAABAQDmnAcDzzKDS1y94VWoeDWq0bWGDhBfAQgJ+CfMB4qwwIZYyPOLPx/15FRgFxHqVV3sgvC5gqQk0a7WFrl+a845TydiYn/MrE4BGK+OOjz+89mWENsZ7KKcrRh7Zt7QObChGEprU1SkID4b6IcUgJ7rZ6+QMpPWUArMHf+vSBCOfQdERWLH+ZVRZuBzQnG0NPjcLCdba8fcQwAHYvarOznOTkIx2nlvp5PncLYaa2WoX6y+Y83sJUYxoOZFWngG9f9LlQP1PVrpSoSrswUbu1Ga/rgygkwodjQLxJ9q/x3FFGw9QbFMzhWgAPo2yGPgAWOq0oBVTeY7bvkpLQYdEEWh\n",
            "public_key_pem": "-----BEGIN PUBLIC KEY-----\nMIIBIjANBgkqhkiG9w0BAQEFAAOCAQ8AMIIBCgKCAQEA5pwHA88yg0tcveFVqHg1\nqtG1hg4QXwEICfgnzAeKsMCGWMjziz8f9eRUYBcR6lVd7ILwuYKkJNGu1ha5fmvO\nOU8nYmJ/zKxOARivjjo8/vPZlhDbGeyinK0Ye2be0DmwoRhKa1NUpCA+G+iHFICe\n62evkDKT1lAKzB3/r0gQjn0HREVix/mVUWbgc0JxtDT43CwnW2vH3EMAB2L2qzs5\nzk5CMdp5b6eT53C2GmtlqF+svmPN7CVGMaDmRVp4BvX/S5UD9T1a6UqEq7MFG7tR\nmv64MoJMKHY0C8Sfav8dxRRsPUGxTM4VoAD6Nshj4AFjqtKAVU3mO275KS0GHRBF\noQIDAQAB\n-----END PUBLIC KEY-----\n",
            "rsa_bits": 2048
          },
          "sensitive_attributes": [
            [
              {
                "type": "get_attr",
                "value": "private_key_pem_pkcs8"
              }
            ],
            [
              {
                "type": "get_attr",
                "value": "private_key_openssh"
              }
            ],
            [
              {
                "type": "get_attr",
                "value": "private_key_pem"
              }
            ]
          ]
        }
      ]
    }
  ],
  "check_results": null
}
